
Microsoft Visual Studio Solution File, Format Version 12.00
# Visual Studio Version 16
VisualStudioVersion = 16.0.30413.136
MinimumVisualStudioVersion = 10.0.40219.1
Project("{FAE04EC0-301F-11D3-BF4B-00C04F79EFBC}") = "lab_01_Fedorova02", "lab_01_Fedorova02.csproj", "{4E9A50C3-6FF8-4D0A-B80D-55EC743AEE5D}"
EndProject
Global
	GlobalSection(SolutionConfigurationPlatforms) = preSolution
		Debug|Any CPU = Debug|Any CPU
		Release|Any CPU = Release|Any CPU
	EndGlobalSection
	GlobalSection(ProjectConfigurationPlatforms) = postSolution
		{4E9A50C3-6FF8-4D0A-B80D-55EC743AEE5D}.Debug|Any CPU.ActiveCfg = Debug|Any CPU
		{4E9A50C3-6FF8-4D0A-B80D-55EC743AEE5D}.Debug|Any CPU.Build.0 = Debug|Any CPU
		{4E9A50C3-6FF8-4D0A-B80D-55EC743AEE5D}.Release|Any CPU.ActiveCfg = Release|Any CPU
		{4E9A50C3-6FF8-4D0A-B80D-55EC743AEE5D}.Release|Any CPU.Build.0 = Release|Any CPU
	EndGlobalSection
	GlobalSection(SolutionProperties) = preSolution
		HideSolutionNode = FALSE
	EndGlobalSection
	GlobalSection(ExtensibilityGlobals) = postSolution
		SolutionGuid = {F5D26A6B-053B-406F-9EB4-E15BEA73ECF1}
	EndGlobalSection
EndGlobal
